// !$*UTF8*$!
{
	archiveVersion = 1;
	classes = {
	};
	objectVersion = 56;
	objects = {

/* Begin PBXBuildFile section */
		0843BD8550DF0046D673A82E /* Pods_ProductApp.framework in Frameworks */ = {isa = PBXBuildFile; fileRef = BD3B412D5E93548E19426FCB /* Pods_ProductApp.framework */; };
		C662F8382BE37F670093024A /* DataManager.swift in Sources */ = {isa = PBXBuildFile; fileRef = C662F8372BE37F670093024A /* DataManager.swift */; };
		C662F83B2BE37FB40093024A /* DetailsViewModel.swift in Sources */ = {isa = PBXBuildFile; fileRef = C662F83A2BE37FB40093024A /* DetailsViewModel.swift */; };
		C662F83D2BE3892C0093024A /* DataManagerForGrid.swift in Sources */ = {isa = PBXBuildFile; fileRef = C662F83C2BE3892C0093024A /* DataManagerForGrid.swift */; };
		C6EB18182BE36E06005C67CC /* AppDelegate.swift in Sources */ = {isa = PBXBuildFile; fileRef = C6EB18172BE36E06005C67CC /* AppDelegate.swift */; };
		C6EB181A2BE36E06005C67CC /* SceneDelegate.swift in Sources */ = {isa = PBXBuildFile; fileRef = C6EB18192BE36E06005C67CC /* SceneDelegate.swift */; };
		C6EB181C2BE36E06005C67CC /* ViewController.swift in Sources */ = {isa = PBXBuildFile; fileRef = C6EB181B2BE36E06005C67CC /* ViewController.swift */; };
		C6EB181F2BE36E06005C67CC /* Main.storyboard in Resources */ = {isa = PBXBuildFile; fileRef = C6EB181D2BE36E06005C67CC /* Main.storyboard */; };
		C6EB18212BE36E07005C67CC /* Assets.xcassets in Resources */ = {isa = PBXBuildFile; fileRef = C6EB18202BE36E07005C67CC /* Assets.xcassets */; };
		C6EB18242BE36E07005C67CC /* LaunchScreen.storyboard in Resources */ = {isa = PBXBuildFile; fileRef = C6EB18222BE36E07005C67CC /* LaunchScreen.storyboard */; };
		C6EB182E2BE36F9F005C67CC /* ProductListViewModel.swift in Sources */ = {isa = PBXBuildFile; fileRef = C6EB182D2BE36F9F005C67CC /* ProductListViewModel.swift */; };
		C6EB18332BE36FFE005C67CC /* ProductListTableViewCell.swift in Sources */ = {isa = PBXBuildFile; fileRef = C6EB18312BE36FFE005C67CC /* ProductListTableViewCell.swift */; };
		C6EB18342BE36FFE005C67CC /* ProductListTableViewCell.xib in Resources */ = {isa = PBXBuildFile; fileRef = C6EB18322BE36FFE005C67CC /* ProductListTableViewCell.xib */; };
		C6EB18372BE37025005C67CC /* ProductListCollectionViewCell.swift in Sources */ = {isa = PBXBuildFile; fileRef = C6EB18352BE37025005C67CC /* ProductListCollectionViewCell.swift */; };
		C6EB18382BE37025005C67CC /* ProductListCollectionViewCell.xib in Resources */ = {isa = PBXBuildFile; fileRef = C6EB18362BE37025005C67CC /* ProductListCollectionViewCell.xib */; };
		C6EB183B2BE3705E005C67CC /* ProductAddViewController.swift in Sources */ = {isa = PBXBuildFile; fileRef = C6EB183A2BE3705E005C67CC /* ProductAddViewController.swift */; };
		C6EB183D2BE3707C005C67CC /* ProductAddViewModel.swift in Sources */ = {isa = PBXBuildFile; fileRef = C6EB183C2BE3707C005C67CC /* ProductAddViewModel.swift */; };
/* End PBXBuildFile section */

/* Begin PBXFileReference section */
		186FA135FA1ED2EF7549EE08 /* Pods-ProductApp.debug.xcconfig */ = {isa = PBXFileReference; includeInIndex = 1; lastKnownFileType = text.xcconfig; name = "Pods-ProductApp.debug.xcconfig"; path = "Target Support Files/Pods-ProductApp/Pods-ProductApp.debug.xcconfig"; sourceTree = "<group>"; };
		952A1BFB959D1794194200E7 /* Pods-ProductApp.release.xcconfig */ = {isa = PBXFileReference; includeInIndex = 1; lastKnownFileType = text.xcconfig; name = "Pods-ProductApp.release.xcconfig"; path = "Target Support Files/Pods-ProductApp/Pods-ProductApp.release.xcconfig"; sourceTree = "<group>"; };
		BD3B412D5E93548E19426FCB /* Pods_ProductApp.framework */ = {isa = PBXFileReference; explicitFileType = wrapper.framework; includeInIndex = 0; path = Pods_ProductApp.framework; sourceTree = BUILT_PRODUCTS_DIR; };
		C662F8372BE37F670093024A /* DataManager.swift */ = {isa = PBXFileReference; lastKnownFileType = sourcecode.swift; path = DataManager.swift; sourceTree = "<group>"; };
		C662F83A2BE37FB40093024A /* DetailsViewModel.swift */ = {isa = PBXFileReference; lastKnownFileType = sourcecode.swift; path = DetailsViewModel.swift; sourceTree = "<group>"; };
		C662F83C2BE3892C0093024A /* DataManagerForGrid.swift */ = {isa = PBXFileReference; lastKnownFileType = sourcecode.swift; path = DataManagerForGrid.swift; sourceTree = "<group>"; };
		C6EB18142BE36E06005C67CC /* ProductApp.app */ = {isa = PBXFileReference; explicitFileType = wrapper.application; includeInIndex = 0; path = ProductApp.app; sourceTree = BUILT_PRODUCTS_DIR; };
		C6EB18172BE36E06005C67CC /* AppDelegate.swift */ = {isa = PBXFileReference; lastKnownFileType = sourcecode.swift; path = AppDelegate.swift; sourceTree = "<group>"; };
		C6EB18192BE36E06005C67CC /* SceneDelegate.swift */ = {isa = PBXFileReference; lastKnownFileType = sourcecode.swift; path = SceneDelegate.swift; sourceTree = "<group>"; };
		C6EB181B2BE36E06005C67CC /* ViewController.swift */ = {isa = PBXFileReference; lastKnownFileType = sourcecode.swift; path = ViewController.swift; sourceTree = "<group>"; };
		C6EB181E2BE36E06005C67CC /* Base */ = {isa = PBXFileReference; lastKnownFileType = file.storyboard; name = Base; path = Base.lproj/Main.storyboard; sourceTree = "<group>"; };
		C6EB18202BE36E07005C67CC /* Assets.xcassets */ = {isa = PBXFileReference; lastKnownFileType = folder.assetcatalog; path = Assets.xcassets; sourceTree = "<group>"; };
		C6EB18232BE36E07005C67CC /* Base */ = {isa = PBXFileReference; lastKnownFileType = file.storyboard; name = Base; path = Base.lproj/LaunchScreen.storyboard; sourceTree = "<group>"; };
		C6EB18252BE36E07005C67CC /* Info.plist */ = {isa = PBXFileReference; lastKnownFileType = text.plist.xml; path = Info.plist; sourceTree = "<group>"; };
		C6EB182D2BE36F9F005C67CC /* ProductListViewModel.swift */ = {isa = PBXFileReference; lastKnownFileType = sourcecode.swift; path = ProductListViewModel.swift; sourceTree = "<group>"; };
		C6EB18312BE36FFE005C67CC /* ProductListTableViewCell.swift */ = {isa = PBXFileReference; lastKnownFileType = sourcecode.swift; path = ProductListTableViewCell.swift; sourceTree = "<group>"; };
		C6EB18322BE36FFE005C67CC /* ProductListTableViewCell.xib */ = {isa = PBXFileReference; lastKnownFileType = file.xib; path = ProductListTableViewCell.xib; sourceTree = "<group>"; };
		C6EB18352BE37025005C67CC /* ProductListCollectionViewCell.swift */ = {isa = PBXFileReference; lastKnownFileType = sourcecode.swift; path = ProductListCollectionViewCell.swift; sourceTree = "<group>"; };
		C6EB18362BE37025005C67CC /* ProductListCollectionViewCell.xib */ = {isa = PBXFileReference; lastKnownFileType = file.xib; path = ProductListCollectionViewCell.xib; sourceTree = "<group>"; };
		C6EB183A2BE3705E005C67CC /* ProductAddViewController.swift */ = {isa = PBXFileReference; lastKnownFileType = sourcecode.swift; path = ProductAddViewController.swift; sourceTree = "<group>"; };
		C6EB183C2BE3707C005C67CC /* ProductAddViewModel.swift */ = {isa = PBXFileReference; lastKnownFileType = sourcecode.swift; path = ProductAddViewModel.swift; sourceTree = "<group>"; };
/* End PBXFileReference section */

/* Begin PBXFrameworksBuildPhase section */
		C6EB18112BE36E06005C67CC /* Frameworks */ = {
			isa = PBXFrameworksBuildPhase;
			buildActionMask = 2147483647;
			files = (
				0843BD8550DF0046D673A82E /* Pods_ProductApp.framework in Frameworks */,
			);
			runOnlyForDeploymentPostprocessing = 0;
		};
/* End PBXFrameworksBuildPhase section */

/* Begin PBXGroup section */
		14F698CC26AE530BB82544CC /* Frameworks */ = {
			isa = PBXGroup;
			children = (
				BD3B412D5E93548E19426FCB /* Pods_ProductApp.framework */,
			);
			name = Frameworks;
			sourceTree = "<group>";
		};
		6513B4FDF3D9CE6AA8B37318 /* Pods */ = {
			isa = PBXGroup;
			children = (
				186FA135FA1ED2EF7549EE08 /* Pods-ProductApp.debug.xcconfig */,
				952A1BFB959D1794194200E7 /* Pods-ProductApp.release.xcconfig */,
			);
			path = Pods;
			sourceTree = "<group>";
		};
		C662F8362BE37F390093024A /* Helper */ = {
			isa = PBXGroup;
			children = (
				C662F8372BE37F670093024A /* DataManager.swift */,
				C662F83C2BE3892C0093024A /* DataManagerForGrid.swift */,
			);
			path = Helper;
			sourceTree = "<group>";
		};
		C662F8392BE37F8A0093024A /* ViewModel */ = {
			isa = PBXGroup;
			children = (
				C662F83A2BE37FB40093024A /* DetailsViewModel.swift */,
			);
			path = ViewModel;
			sourceTree = "<group>";
		};
		C6EB180B2BE36E06005C67CC = {
			isa = PBXGroup;
			children = (
				C6EB18162BE36E06005C67CC /* ProductApp */,
				C6EB18152BE36E06005C67CC /* Products */,
				6513B4FDF3D9CE6AA8B37318 /* Pods */,
				14F698CC26AE530BB82544CC /* Frameworks */,
			);
			sourceTree = "<group>";
		};
		C6EB18152BE36E06005C67CC /* Products */ = {
			isa = PBXGroup;
			children = (
				C6EB18142BE36E06005C67CC /* ProductApp.app */,
			);
			name = Products;
			sourceTree = "<group>";
		};
		C6EB18162BE36E06005C67CC /* ProductApp */ = {
			isa = PBXGroup;
			children = (
				C6EB18172BE36E06005C67CC /* AppDelegate.swift */,
				C6EB18192BE36E06005C67CC /* SceneDelegate.swift */,
				C662F8392BE37F8A0093024A /* ViewModel */,
				C662F8362BE37F390093024A /* Helper */,
				C6EB182B2BE36EE9005C67CC /* Scene */,
				C6EB181D2BE36E06005C67CC /* Main.storyboard */,
				C6EB18202BE36E07005C67CC /* Assets.xcassets */,
				C6EB18222BE36E07005C67CC /* LaunchScreen.storyboard */,
				C6EB18252BE36E07005C67CC /* Info.plist */,
			);
			path = ProductApp;
			sourceTree = "<group>";
		};
		C6EB182B2BE36EE9005C67CC /* Scene */ = {
			isa = PBXGroup;
			children = (
				C6EB18392BE37034005C67CC /* ProductAdd */,
				C6EB182C2BE36F64005C67CC /* ProductList */,
			);
			path = Scene;
			sourceTree = "<group>";
		};
		C6EB182C2BE36F64005C67CC /* ProductList */ = {
			isa = PBXGroup;
			children = (
				C6EB18302BE36FC6005C67CC /* ProductListGridView */,
				C6EB182F2BE36FBA005C67CC /* ProductListTableView */,
				C6EB181B2BE36E06005C67CC /* ViewController.swift */,
				C6EB182D2BE36F9F005C67CC /* ProductListViewModel.swift */,
			);
			path = ProductList;
			sourceTree = "<group>";
		};
		C6EB182F2BE36FBA005C67CC /* ProductListTableView */ = {
			isa = PBXGroup;
			children = (
				C6EB18312BE36FFE005C67CC /* ProductListTableViewCell.swift */,
				C6EB18322BE36FFE005C67CC /* ProductListTableViewCell.xib */,
			);
			path = ProductListTableView;
			sourceTree = "<group>";
		};
		C6EB18302BE36FC6005C67CC /* ProductListGridView */ = {
			isa = PBXGroup;
			children = (
				C6EB18352BE37025005C67CC /* ProductListCollectionViewCell.swift */,
				C6EB18362BE37025005C67CC /* ProductListCollectionViewCell.xib */,
			);
			path = ProductListGridView;
			sourceTree = "<group>";
		};
		C6EB18392BE37034005C67CC /* ProductAdd */ = {
			isa = PBXGroup;
			children = (
				C6EB183A2BE3705E005C67CC /* ProductAddViewController.swift */,
				C6EB183C2BE3707C005C67CC /* ProductAddViewModel.swift */,
			);
			path = ProductAdd;
			sourceTree = "<group>";
		};
/* End PBXGroup section */

/* Begin PBXNativeTarget section */
		C6EB18132BE36E06005C67CC /* ProductApp */ = {
			isa = PBXNativeTarget;
			buildConfigurationList = C6EB18282BE36E07005C67CC /* Build configuration list for PBXNativeTarget "ProductApp" */;
			buildPhases = (
				6642D58C82A2A7623BE89F3F /* [CP] Check Pods Manifest.lock */,
				C6EB18102BE36E06005C67CC /* Sources */,
				C6EB18112BE36E06005C67CC /* Frameworks */,
				C6EB18122BE36E06005C67CC /* Resources */,
				210AABBBC590556B2A7CA741 /* [CP] Embed Pods Frameworks */,
			);
			buildRules = (
			);
			dependencies = (
			);
			name = ProductApp;
			productName = ProductApp;
			productReference = C6EB18142BE36E06005C67CC /* ProductApp.app */;
			productType = "com.apple.product-type.application";
		};
/* End PBXNativeTarget section */

/* Begin PBXProject section */
		C6EB180C2BE36E06005C67CC /* Project object */ = {
			isa = PBXProject;
			attributes = {
				BuildIndependentTargetsInParallel = 1;
				LastSwiftUpdateCheck = 1500;
				LastUpgradeCheck = 1500;
				TargetAttributes = {
					C6EB18132BE36E06005C67CC = {
						CreatedOnToolsVersion = 15.0.1;
					};
				};
			};
			buildConfigurationList = C6EB180F2BE36E06005C67CC /* Build configuration list for PBXProject "ProductApp" */;
			compatibilityVersion = "Xcode 14.0";
			developmentRegion = en;
			hasScannedForEncodings = 0;
			knownRegions = (
				en,
				Base,
			);
			mainGroup = C6EB180B2BE36E06005C67CC;
			productRefGroup = C6EB18152BE36E06005C67CC /* Products */;
			projectDirPath = "";
			projectRoot = "";
			targets = (
				C6EB18132BE36E06005C67CC /* ProductApp */,
			);
		};
/* End PBXProject section */

/* Begin PBXResourcesBuildPhase section */
		C6EB18122BE36E06005C67CC /* Resources */ = {
			isa = PBXResourcesBuildPhase;
			buildActionMask = 2147483647;
			files = (
				C6EB18242BE36E07005C67CC /* LaunchScreen.storyboard in Resources */,
				C6EB18342BE36FFE005C67CC /* ProductListTableViewCell.xib in Resources */,
				C6EB18382BE37025005C67CC /* ProductListCollectionViewCell.xib in Resources */,
				C6EB18212BE36E07005C67CC /* Assets.xcassets in Resources */,
				C6EB181F2BE36E06005C67CC /* Main.storyboard in Resources */,
			);
			runOnlyForDeploymentPostprocessing = 0;
		};
/* End PBXResourcesBuildPhase section */

/* Begin PBXShellScriptBuildPhase section */
		210AABBBC590556B2A7CA741 /* [CP] Embed Pods Frameworks */ = {
			isa = PBXShellScriptBuildPhase;
			buildActionMask = 2147483647;
			files = (
			);
			inputFileListPaths = (
				"${PODS_ROOT}/Target Support Files/Pods-ProductApp/Pods-ProductApp-frameworks-${CONFIGURATION}-input-files.xcfilelist",
			);
			name = "[CP] Embed Pods Frameworks";
			outputFileListPaths = (
				"${PODS_ROOT}/Target Support Files/Pods-ProductApp/Pods-ProductApp-frameworks-${CONFIGURATION}-output-files.xcfilelist",
			);
			runOnlyForDeploymentPostprocessing = 0;
			shellPath = /bin/sh;
			shellScript = "\"${PODS_ROOT}/Target Support Files/Pods-ProductApp/Pods-ProductApp-frameworks.sh\"\n";
			showEnvVarsInLog = 0;
		};
		6642D58C82A2A7623BE89F3F /* [CP] Check Pods Manifest.lock */ = {
			isa = PBXShellScriptBuildPhase;
			buildActionMask = 2147483647;
			files = (
			);
			inputFileListPaths = (
			);
			inputPaths = (
				"${PODS_PODFILE_DIR_PATH}/Podfile.lock",
				"${PODS_ROOT}/Manifest.lock",
			);
			name = "[CP] Check Pods Manifest.lock";
			outputFileListPaths = (
			);
			outputPaths = (
				"$(DERIVED_FILE_DIR)/Pods-ProductApp-checkManifestLockResult.txt",
			);
			runOnlyForDeploymentPostprocessing = 0;
			shellPath = /bin/sh;
			shellScript = "diff \"${PODS_PODFILE_DIR_PATH}/Podfile.lock\" \"${PODS_ROOT}/Manifest.lock\" > /dev/null\nif [ $? != 0 ] ; then\n    # print error to STDERR\n    echo \"error: The sandbox is not in sync with the Podfile.lock. Run 'pod install' or update your CocoaPods installation.\" >&2\n    exit 1\nfi\n# This output is used by Xcode 'outputs' to avoid re-running this script phase.\necho \"SUCCESS\" > \"${SCRIPT_OUTPUT_FILE_0}\"\n";
			showEnvVarsInLog = 0;
		};
/* End PBXShellScriptBuildPhase section */

/* Begin PBXSourcesBuildPhase section */
		C6EB18102BE36E06005C67CC /* Sources */ = {
			isa = PBXSourcesBuildPhase;
			buildActionMask = 2147483647;
			files = (
				C6EB181C2BE36E06005C67CC /* ViewController.swift in Sources */,
				C6EB183B2BE3705E005C67CC /* ProductAddViewController.swift in Sources */,
				C6EB183D2BE3707C005C67CC /* ProductAddViewModel.swift in Sources */,
				C6EB18182BE36E06005C67CC /* AppDelegate.swift in Sources */,
				C6EB18332BE36FFE005C67CC /* ProductListTableViewCell.swift in Sources */,
				C6EB182E2BE36F9F005C67CC /* ProductListViewModel.swift in Sources */,
				C6EB18372BE37025005C67CC /* ProductListCollectionViewCell.swift in Sources */,
				C662F83B2BE37FB40093024A /* DetailsViewModel.swift in Sources */,
				C662F8382BE37F670093024A /* DataManager.swift in Sources */,
				C6EB181A2BE36E06005C67CC /* SceneDelegate.swift in Sources */,
				C662F83D2BE3892C0093024A /* DataManagerForGrid.swift in Sources */,
			);
			runOnlyForDeploymentPostprocessing = 0;
		};
/* End PBXSourcesBuildPhase section */

/* Begin PBXVariantGroup section */
		C6EB181D2BE36E06005C67CC /* Main.storyboard */ = {
			isa = PBXVariantGroup;
			children = (
				C6EB181E2BE36E06005C67CC /* Base */,
			);
			name = Main.storyboard;
			sourceTree = "<group>";
		};
		C6EB18222BE36E07005C67CC /* LaunchScreen.storyboard */ = {
			isa = PBXVariantGroup;
			children = (
				C6EB18232BE36E07005C67CC /* Base */,
			);
			name = LaunchScreen.storyboard;
			sourceTree = "<group>";
		};
/* End PBXVariantGroup section */

/* Begin XCBuildConfiguration section */
		C6EB18262BE36E07005C67CC /* Debug */ = {
			isa = XCBuildConfiguration;
			buildSettings = {
				ALWAYS_SEARCH_USER_PATHS = NO;
				ASSETCATALOG_COMPILER_GENERATE_SWIFT_ASSET_SYMBOL_EXTENSIONS = YES;
				CLANG_ANALYZER_NONNULL = YES;
				CLANG_ANALYZER_NUMBER_OBJECT_CONVERSION = YES_AGGRESSIVE;
				CLANG_CXX_LANGUAGE_STANDARD = "gnu++20";
				CLANG_ENABLE_MODULES = YES;
				CLANG_ENABLE_OBJC_ARC = YES;
				CLANG_ENABLE_OBJC_WEAK = YES;
				CLANG_WARN_BLOCK_CAPTURE_AUTORELEASING = YES;
				CLANG_WARN_BOOL_CONVERSION = YES;
				CLANG_WARN_COMMA = YES;
				CLANG_WARN_CONSTANT_CONVERSION = YES;
				CLANG_WARN_DEPRECATED_OBJC_IMPLEMENTATIONS = YES;
				CLANG_WARN_DIRECT_OBJC_ISA_USAGE = YES_ERROR;
				CLANG_WARN_DOCUMENTATION_COMMENTS = YES;
				CLANG_WARN_EMPTY_BODY = YES;
				CLANG_WARN_ENUM_CONVERSION = YES;
				CLANG_WARN_INFINITE_RECURSION = YES;
				CLANG_WARN_INT_CONVERSION = YES;
				CLANG_WARN_NON_LITERAL_NULL_CONVERSION = YES;
				CLANG_WARN_OBJC_IMPLICIT_RETAIN_SELF = YES;
				CLANG_WARN_OBJC_LITERAL_CONVERSION = YES;
				CLANG_WARN_OBJC_ROOT_CLASS = YES_ERROR;
				CLANG_WARN_QUOTED_INCLUDE_IN_FRAMEWORK_HEADER = YES;
				CLANG_WARN_RANGE_LOOP_ANALYSIS = YES;
				CLANG_WARN_STRICT_PROTOTYPES = YES;
				CLANG_WARN_SUSPICIOUS_MOVE = YES;
				CLANG_WARN_UNGUARDED_AVAILABILITY = YES_AGGRESSIVE;
				CLANG_WARN_UNREACHABLE_CODE = YES;
				CLANG_WARN__DUPLICATE_METHOD_MATCH = YES;
				COPY_PHASE_STRIP = NO;
				DEBUG_INFORMATION_FORMAT = dwarf;
				ENABLE_STRICT_OBJC_MSGSEND = YES;
				ENABLE_TESTABILITY = YES;
				ENABLE_USER_SCRIPT_SANDBOXING = YES;
				GCC_C_LANGUAGE_STANDARD = gnu17;
				GCC_DYNAMIC_NO_PIC = NO;
				GCC_NO_COMMON_BLOCKS = YES;
				GCC_OPTIMIZATION_LEVEL = 0;
				GCC_PREPROCESSOR_DEFINITIONS = (
					"DEBUG=1",
					"$(inherited)",
				);
				GCC_WARN_64_TO_32_BIT_CONVERSION = YES;
				GCC_WARN_ABOUT_RETURN_TYPE = YES_ERROR;
				GCC_WARN_UNDECLARED_SELECTOR = YES;
				GCC_WARN_UNINITIALIZED_AUTOS = YES_AGGRESSIVE;
				GCC_WARN_UNUSED_FUNCTION = YES;
				GCC_WARN_UNUSED_VARIABLE = YES;
				IPHONEOS_DEPLOYMENT_TARGET = 17.0;
				LOCALIZATION_PREFERS_STRING_CATALOGS = YES;
				MTL_ENABLE_DEBUG_INFO = INCLUDE_SOURCE;
				MTL_FAST_MATH = YES;
				ONLY_ACTIVE_ARCH = YES;
				SDKROOT = iphoneos;
				SWIFT_ACTIVE_COMPILATION_CONDITIONS = "DEBUG $(inherited)";
				SWIFT_OPTIMIZATION_LEVEL = "-Onone";
			};
			name = Debug;
		};
		C6EB18272BE36E07005C67CC /* Release */ = {
			isa = XCBuildConfiguration;
			buildSettings = {
				ALWAYS_SEARCH_USER_PATHS = NO;
				ASSETCATALOG_COMPILER_GENERATE_SWIFT_ASSET_SYMBOL_EXTENSIONS = YES;
				CLANG_ANALYZER_NONNULL = YES;
				CLANG_ANALYZER_NUMBER_OBJECT_CONVERSION = YES_AGGRESSIVE;
				CLANG_CXX_LANGUAGE_STANDARD = "gnu++20";
				CLANG_ENABLE_MODULES = YES;
				CLANG_ENABLE_OBJC_ARC = YES;
				CLANG_ENABLE_OBJC_WEAK = YES;
				CLANG_WARN_BLOCK_CAPTURE_AUTORELEASING = YES;
				CLANG_WARN_BOOL_CONVERSION = YES;
				CLANG_WARN_COMMA = YES;
				CLANG_WARN_CONSTANT_CONVERSION = YES;
				CLANG_WARN_DEPRECATED_OBJC_IMPLEMENTATIONS = YES;
				CLANG_WARN_DIRECT_OBJC_ISA_USAGE = YES_ERROR;
				CLANG_WARN_DOCUMENTATION_COMMENTS = YES;
				CLANG_WARN_EMPTY_BODY = YES;
				CLANG_WARN_ENUM_CONVERSION = YES;
				CLANG_WARN_INFINITE_RECURSION = YES;
				CLANG_WARN_INT_CONVERSION = YES;
				CLANG_WARN_NON_LITERAL_NULL_CONVERSION = YES;
				CLANG_WARN_OBJC_IMPLICIT_RETAIN_SELF = YES;
				CLANG_WARN_OBJC_LITERAL_CONVERSION = YES;
				CLANG_WARN_OBJC_ROOT_CLASS = YES_ERROR;
				CLANG_WARN_QUOTED_INCLUDE_IN_FRAMEWORK_HEADER = YES;
				CLANG_WARN_RANGE_LOOP_ANALYSIS = YES;
				CLANG_WARN_STRICT_PROTOTYPES = YES;
				CLANG_WARN_SUSPICIOUS_MOVE = YES;
				CLANG_WARN_UNGUARDED_AVAILABILITY = YES_AGGRESSIVE;
				CLANG_WARN_UNREACHABLE_CODE = YES;
				CLANG_WARN__DUPLICATE_METHOD_MATCH = YES;
				COPY_PHASE_STRIP = NO;
				DEBUG_INFORMATION_FORMAT = "dwarf-with-dsym";
				ENABLE_NS_ASSERTIONS = NO;
				ENABLE_STRICT_OBJC_MSGSEND = YES;
				ENABLE_USER_SCRIPT_SANDBOXING = YES;
				GCC_C_LANGUAGE_STANDARD = gnu17;
				GCC_NO_COMMON_BLOCKS = YES;
				GCC_WARN_64_TO_32_BIT_CONVERSION = YES;
				GCC_WARN_ABOUT_RETURN_TYPE = YES_ERROR;
				GCC_WARN_UNDECLARED_SELECTOR = YES;
				GCC_WARN_UNINITIALIZED_AUTOS = YES_AGGRESSIVE;
				GCC_WARN_UNUSED_FUNCTION = YES;
				GCC_WARN_UNUSED_VARIABLE = YES;
				IPHONEOS_DEPLOYMENT_TARGET = 17.0;
				LOCALIZATION_PREFERS_STRING_CATALOGS = YES;
				MTL_ENABLE_DEBUG_INFO = NO;
				MTL_FAST_MATH = YES;
				SDKROOT = iphoneos;
				SWIFT_COMPILATION_MODE = wholemodule;
				VALIDATE_PRODUCT = YES;
			};
			name = Release;
		};
		C6EB18292BE36E07005C67CC /* Debug */ = {
			isa = XCBuildConfiguration;
			baseConfigurationReference = 186FA135FA1ED2EF7549EE08 /* Pods-ProductApp.debug.xcconfig */;
			buildSettings = {
				ASSETCATALOG_COMPILER_APPICON_NAME = AppIcon;
				ASSETCATALOG_COMPILER_GLOBAL_ACCENT_COLOR_NAME = AccentColor;
				CODE_SIGN_STYLE = Automatic;
				CURRENT_PROJECT_VERSION = 1;
				DEVELOPMENT_TEAM = 9R49KMB3W6;
				ENABLE_USER_SCRIPT_SANDBOXING = NO;
				GENERATE_INFOPLIST_FILE = YES;
				INFOPLIST_FILE = ProductApp/Info.plist;
				INFOPLIST_KEY_UIApplicationSupportsIndirectInputEvents = YES;
				INFOPLIST_KEY_UILaunchStoryboardName = LaunchScreen;
				INFOPLIST_KEY_UIMainStoryboardFile = Main;
				INFOPLIST_KEY_UISupportedInterfaceOrientations_iPad = "UIInterfaceOrientationPortrait UIInterfaceOrientationPortraitUpsideDown UIInterfaceOrientationLandscapeLeft UIInterfaceOrientationLandscapeRight";
				INFOPLIST_KEY_UISupportedInterfaceOrientations_iPhone = "UIInterfaceOrientationPortrait UIInterfaceOrientationLandscapeLeft UIInterfaceOrientationLandscapeRight";
				LD_RUNPATH_SEARCH_PATHS = (
					"$(inherited)",
					"@executable_path/Frameworks",
				);
				MARKETING_VERSION = 1.0;
				PRODUCT_BUNDLE_IDENTIFIER = kuru.ProductApp;
				PRODUCT_NAME = "$(TARGET_NAME)";
				SWIFT_EMIT_LOC_STRINGS = YES;
				SWIFT_VERSION = 5.0;
				TARGETED_DEVICE_FAMILY = "1,2";
			};
			name = Debug;
		};
		C6EB182A2BE36E07005C67CC /* Release */ = {
			isa = XCBuildConfiguration;
			baseConfigurationReference = 952A1BFB959D1794194200E7 /* Pods-ProductApp.release.xcconfig */;
			buildSettings = {
				ASSETCATALOG_COMPILER_APPICON_NAME = AppIcon;
				ASSETCATALOG_COMPILER_GLOBAL_ACCENT_COLOR_NAME = AccentColor;
				CODE_SIGN_STYLE = Automatic;
				CURRENT_PROJECT_VERSION = 1;
				DEVELOPMENT_TEAM = 9R49KMB3W6;
				ENABLE_USER_SCRIPT_SANDBOXING = NO;
				GENERATE_INFOPLIST_FILE = YES;
				INFOPLIST_FILE = ProductApp/Info.plist;
				INFOPLIST_KEY_UIApplicationSupportsIndirectInputEvents = YES;
				INFOPLIST_KEY_UILaunchStoryboardName = LaunchScreen;
				INFOPLIST_KEY_UIMainStoryboardFile = Main;
				INFOPLIST_KEY_UISupportedInterfaceOrientations_iPad = "UIInterfaceOrientationPortrait UIInterfaceOrientationPortraitUpsideDown UIInterfaceOrientationLandscapeLeft UIInterfaceOrientationLandscapeRight";
				INFOPLIST_KEY_UISupportedInterfaceOrientations_iPhone = "UIInterfaceOrientationPortrait UIInterfaceOrientationLandscapeLeft UIInterfaceOrientationLandscapeRight";
				LD_RUNPATH_SEARCH_PATHS = (
					"$(inherited)",
					"@executable_path/Frameworks",
				);
				MARKETING_VERSION = 1.0;
				PRODUCT_BUNDLE_IDENTIFIER = kuru.ProductApp;
				PRODUCT_NAME = "$(TARGET_NAME)";
				SWIFT_EMIT_LOC_STRINGS = YES;
				SWIFT_VERSION = 5.0;
				TARGETED_DEVICE_FAMILY = "1,2";
			};
			name = Release;
		};
/* End XCBuildConfiguration section */

/* Begin XCConfigurationList section */
		C6EB180F2BE36E06005C67CC /* Build configuration list for PBXProject "ProductApp" */ = {
			isa = XCConfigurationList;
			buildConfigurations = (
				C6EB18262BE36E07005C67CC /* Debug */,
				C6EB18272BE36E07005C67CC /* Release */,
			);
			defaultConfigurationIsVisible = 0;
			defaultConfigurationName = Release;
		};
		C6EB18282BE36E07005C67CC /* Build configuration list for PBXNativeTarget "ProductApp" */ = {
			isa = XCConfigurationList;
			buildConfigurations = (
				C6EB18292BE36E07005C67CC /* Debug */,
				C6EB182A2BE36E07005C67CC /* Release */,
			);
			defaultConfigurationIsVisible = 0;
			defaultConfigurationName = Release;
		};
/* End XCConfigurationList section */
	};
	rootObject = C6EB180C2BE36E06005C67CC /* Project object */;
}
